// !$*UTF8*$!
{
	archiveVersion = 1;
	classes = {
	};
	objectVersion = 55;
	objects = {

/* Begin PBXBuildFile section */
		788BF9ED27E27F9A008B4D00 /* AppDelegate.swift in Sources */ = {isa = PBXBuildFile; fileRef = 788BF9EC27E27F9A008B4D00 /* AppDelegate.swift */; };
		788BF9F627E27F9B008B4D00 /* Assets.xcassets in Resources */ = {isa = PBXBuildFile; fileRef = 788BF9F527E27F9B008B4D00 /* Assets.xcassets */; };
		788BF9F927E27F9B008B4D00 /* LaunchScreen.storyboard in Resources */ = {isa = PBXBuildFile; fileRef = 788BF9F727E27F9B008B4D00 /* LaunchScreen.storyboard */; };
		788BFA0427E27F9C008B4D00 /* WeatherTests.swift in Sources */ = {isa = PBXBuildFile; fileRef = 788BFA0327E27F9C008B4D00 /* WeatherTests.swift */; };
		788BFA0E27E27F9C008B4D00 /* WeatherUITests.swift in Sources */ = {isa = PBXBuildFile; fileRef = 788BFA0D27E27F9C008B4D00 /* WeatherUITests.swift */; };
		788BFA1027E27F9C008B4D00 /* WeatherUITestsLaunchTests.swift in Sources */ = {isa = PBXBuildFile; fileRef = 788BFA0F27E27F9C008B4D00 /* WeatherUITestsLaunchTests.swift */; };
		788BFA2327E28520008B4D00 /* WeatherCore in Frameworks */ = {isa = PBXBuildFile; productRef = 788BFA2227E28520008B4D00 /* WeatherCore */; };
		788BFA2C27E295F2008B4D00 /* SearchLocationTableViewController.swift in Sources */ = {isa = PBXBuildFile; fileRef = 788BFA2A27E295F2008B4D00 /* SearchLocationTableViewController.swift */; };
		788BFA2D27E295F2008B4D00 /* SearchLocationTableViewController.xib in Resources */ = {isa = PBXBuildFile; fileRef = 788BFA2B27E295F2008B4D00 /* SearchLocationTableViewController.xib */; };
		788BFA3027E296A7008B4D00 /* SearchController.swift in Sources */ = {isa = PBXBuildFile; fileRef = 788BFA2F27E296A7008B4D00 /* SearchController.swift */; };
		788BFA3327E29C3B008B4D00 /* UItableView.swift in Sources */ = {isa = PBXBuildFile; fileRef = 788BFA3227E29C3B008B4D00 /* UItableView.swift */; };
		788BFA3B27E2A640008B4D00 /* LocationPreviewTableViewController.swift in Sources */ = {isa = PBXBuildFile; fileRef = 788BFA3927E2A640008B4D00 /* LocationPreviewTableViewController.swift */; };
		788BFA3C27E2A640008B4D00 /* LocationPreviewTableViewController.xib in Resources */ = {isa = PBXBuildFile; fileRef = 788BFA3A27E2A640008B4D00 /* LocationPreviewTableViewController.xib */; };
/* End PBXBuildFile section */

/* Begin PBXContainerItemProxy section */
		788BFA0027E27F9C008B4D00 /* PBXContainerItemProxy */ = {
			isa = PBXContainerItemProxy;
			containerPortal = 788BF9E127E27F9A008B4D00 /* Project object */;
			proxyType = 1;
			remoteGlobalIDString = 788BF9E827E27F9A008B4D00;
			remoteInfo = Weather;
		};
		788BFA0A27E27F9C008B4D00 /* PBXContainerItemProxy */ = {
			isa = PBXContainerItemProxy;
			containerPortal = 788BF9E127E27F9A008B4D00 /* Project object */;
			proxyType = 1;
			remoteGlobalIDString = 788BF9E827E27F9A008B4D00;
			remoteInfo = Weather;
		};
/* End PBXContainerItemProxy section */

/* Begin PBXFileReference section */
		788BF9E927E27F9A008B4D00 /* Weather.app */ = {isa = PBXFileReference; explicitFileType = wrapper.application; includeInIndex = 0; path = Weather.app; sourceTree = BUILT_PRODUCTS_DIR; };
		788BF9EC27E27F9A008B4D00 /* AppDelegate.swift */ = {isa = PBXFileReference; lastKnownFileType = sourcecode.swift; path = AppDelegate.swift; sourceTree = "<group>"; };
		788BF9F527E27F9B008B4D00 /* Assets.xcassets */ = {isa = PBXFileReference; lastKnownFileType = folder.assetcatalog; path = Assets.xcassets; sourceTree = "<group>"; };
		788BF9F827E27F9B008B4D00 /* Base */ = {isa = PBXFileReference; lastKnownFileType = file.storyboard; name = Base; path = Base.lproj/LaunchScreen.storyboard; sourceTree = "<group>"; };
		788BF9FA27E27F9B008B4D00 /* Info.plist */ = {isa = PBXFileReference; lastKnownFileType = text.plist.xml; path = Info.plist; sourceTree = "<group>"; };
		788BF9FF27E27F9C008B4D00 /* WeatherTests.xctest */ = {isa = PBXFileReference; explicitFileType = wrapper.cfbundle; includeInIndex = 0; path = WeatherTests.xctest; sourceTree = BUILT_PRODUCTS_DIR; };
		788BFA0327E27F9C008B4D00 /* WeatherTests.swift */ = {isa = PBXFileReference; lastKnownFileType = sourcecode.swift; path = WeatherTests.swift; sourceTree = "<group>"; };
		788BFA0927E27F9C008B4D00 /* WeatherUITests.xctest */ = {isa = PBXFileReference; explicitFileType = wrapper.cfbundle; includeInIndex = 0; path = WeatherUITests.xctest; sourceTree = BUILT_PRODUCTS_DIR; };
		788BFA0D27E27F9C008B4D00 /* WeatherUITests.swift */ = {isa = PBXFileReference; lastKnownFileType = sourcecode.swift; path = WeatherUITests.swift; sourceTree = "<group>"; };
		788BFA0F27E27F9C008B4D00 /* WeatherUITestsLaunchTests.swift */ = {isa = PBXFileReference; lastKnownFileType = sourcecode.swift; path = WeatherUITestsLaunchTests.swift; sourceTree = "<group>"; };
		788BFA2027E2809F008B4D00 /* WeatherCore */ = {isa = PBXFileReference; lastKnownFileType = folder; name = WeatherCore; path = Packages/WeatherCore; sourceTree = "<group>"; };
		788BFA2427E28566008B4D00 /* Packages */ = {isa = PBXFileReference; lastKnownFileType = folder; path = Packages; sourceTree = "<group>"; };
		788BFA2A27E295F2008B4D00 /* SearchLocationTableViewController.swift */ = {isa = PBXFileReference; lastKnownFileType = sourcecode.swift; path = SearchLocationTableViewController.swift; sourceTree = "<group>"; };
		788BFA2B27E295F2008B4D00 /* SearchLocationTableViewController.xib */ = {isa = PBXFileReference; lastKnownFileType = file.xib; path = SearchLocationTableViewController.xib; sourceTree = "<group>"; };
		788BFA2F27E296A7008B4D00 /* SearchController.swift */ = {isa = PBXFileReference; lastKnownFileType = sourcecode.swift; path = SearchController.swift; sourceTree = "<group>"; };
		788BFA3227E29C3B008B4D00 /* UItableView.swift */ = {isa = PBXFileReference; lastKnownFileType = sourcecode.swift; path = UItableView.swift; sourceTree = "<group>"; };
		788BFA3927E2A640008B4D00 /* LocationPreviewTableViewController.swift */ = {isa = PBXFileReference; lastKnownFileType = sourcecode.swift; path = LocationPreviewTableViewController.swift; sourceTree = "<group>"; };
		788BFA3A27E2A640008B4D00 /* LocationPreviewTableViewController.xib */ = {isa = PBXFileReference; lastKnownFileType = file.xib; path = LocationPreviewTableViewController.xib; sourceTree = "<group>"; };
/* End PBXFileReference section */

/* Begin PBXFrameworksBuildPhase section */
		788BF9E627E27F9A008B4D00 /* Frameworks */ = {
			isa = PBXFrameworksBuildPhase;
			buildActionMask = 2147483647;
			files = (
				788BFA2327E28520008B4D00 /* WeatherCore in Frameworks */,
			);
			runOnlyForDeploymentPostprocessing = 0;
		};
		788BF9FC27E27F9C008B4D00 /* Frameworks */ = {
			isa = PBXFrameworksBuildPhase;
			buildActionMask = 2147483647;
			files = (
			);
			runOnlyForDeploymentPostprocessing = 0;
		};
		788BFA0627E27F9C008B4D00 /* Frameworks */ = {
			isa = PBXFrameworksBuildPhase;
			buildActionMask = 2147483647;
			files = (
			);
			runOnlyForDeploymentPostprocessing = 0;
		};
/* End PBXFrameworksBuildPhase section */

/* Begin PBXGroup section */
		788BF9E027E27F9A008B4D00 = {
			isa = PBXGroup;
			children = (
				788BFA1F27E2809F008B4D00 /* Packages */,
				788BF9EB27E27F9A008B4D00 /* Weather */,
				788BFA0227E27F9C008B4D00 /* WeatherTests */,
				788BFA0C27E27F9C008B4D00 /* WeatherUITests */,
				788BF9EA27E27F9A008B4D00 /* Products */,
				788BFA2127E28520008B4D00 /* Frameworks */,
			);
			sourceTree = "<group>";
		};
		788BF9EA27E27F9A008B4D00 /* Products */ = {
			isa = PBXGroup;
			children = (
				788BF9E927E27F9A008B4D00 /* Weather.app */,
				788BF9FF27E27F9C008B4D00 /* WeatherTests.xctest */,
				788BFA0927E27F9C008B4D00 /* WeatherUITests.xctest */,
			);
			name = Products;
			sourceTree = "<group>";
		};
		788BF9EB27E27F9A008B4D00 /* Weather */ = {
			isa = PBXGroup;
			children = (
				788BF9EC27E27F9A008B4D00 /* AppDelegate.swift */,
				788BF9F527E27F9B008B4D00 /* Assets.xcassets */,
				788BFA2E27E2969B008B4D00 /* Components */,
				788BFA3127E29C2D008B4D00 /* Extension */,
				788BF9FA27E27F9B008B4D00 /* Info.plist */,
				788BF9F727E27F9B008B4D00 /* LaunchScreen.storyboard */,
				788BFA3427E29FE4008B4D00 /* Preview */,
				788BFA2927E2947A008B4D00 /* Search */,
			);
			path = Weather;
			sourceTree = "<group>";
		};
		788BFA0227E27F9C008B4D00 /* WeatherTests */ = {
			isa = PBXGroup;
			children = (
				788BFA0327E27F9C008B4D00 /* WeatherTests.swift */,
			);
			path = WeatherTests;
			sourceTree = "<group>";
		};
		788BFA0C27E27F9C008B4D00 /* WeatherUITests */ = {
			isa = PBXGroup;
			children = (
				788BFA0D27E27F9C008B4D00 /* WeatherUITests.swift */,
				788BFA0F27E27F9C008B4D00 /* WeatherUITestsLaunchTests.swift */,
			);
			path = WeatherUITests;
			sourceTree = "<group>";
		};
		788BFA1F27E2809F008B4D00 /* Packages */ = {
			isa = PBXGroup;
			children = (
				788BFA2027E2809F008B4D00 /* WeatherCore */,
				788BFA2427E28566008B4D00 /* Packages */,
			);
			name = Packages;
			sourceTree = "<group>";
		};
		788BFA2127E28520008B4D00 /* Frameworks */ = {
			isa = PBXGroup;
			children = (
			);
			name = Frameworks;
			sourceTree = "<group>";
		};
		788BFA2927E2947A008B4D00 /* Search */ = {
			isa = PBXGroup;
			children = (
				788BFA2A27E295F2008B4D00 /* SearchLocationTableViewController.swift */,
				788BFA2B27E295F2008B4D00 /* SearchLocationTableViewController.xib */,
			);
			path = Search;
			sourceTree = "<group>";
		};
		788BFA2E27E2969B008B4D00 /* Components */ = {
			isa = PBXGroup;
			children = (
				788BFA2F27E296A7008B4D00 /* SearchController.swift */,
			);
			path = Components;
			sourceTree = "<group>";
		};
		788BFA3127E29C2D008B4D00 /* Extension */ = {
			isa = PBXGroup;
			children = (
				788BFA3227E29C3B008B4D00 /* UItableView.swift */,
			);
			path = Extension;
			sourceTree = "<group>";
		};
		788BFA3427E29FE4008B4D00 /* Preview */ = {
			isa = PBXGroup;
			children = (
				788BFA3927E2A640008B4D00 /* LocationPreviewTableViewController.swift */,
				788BFA3A27E2A640008B4D00 /* LocationPreviewTableViewController.xib */,
			);
			path = Preview;
			sourceTree = "<group>";
		};
/* End PBXGroup section */

/* Begin PBXNativeTarget section */
		788BF9E827E27F9A008B4D00 /* Weather */ = {
			isa = PBXNativeTarget;
			buildConfigurationList = 788BFA1327E27F9C008B4D00 /* Build configuration list for PBXNativeTarget "Weather" */;
			buildPhases = (
				788BF9E527E27F9A008B4D00 /* Sources */,
				788BF9E627E27F9A008B4D00 /* Frameworks */,
				788BF9E727E27F9A008B4D00 /* Resources */,
			);
			buildRules = (
			);
			dependencies = (
			);
			name = Weather;
			packageProductDependencies = (
				788BFA2227E28520008B4D00 /* WeatherCore */,
			);
			productName = Weather;
			productReference = 788BF9E927E27F9A008B4D00 /* Weather.app */;
			productType = "com.apple.product-type.application";
		};
		788BF9FE27E27F9C008B4D00 /* WeatherTests */ = {
			isa = PBXNativeTarget;
			buildConfigurationList = 788BFA1627E27F9C008B4D00 /* Build configuration list for PBXNativeTarget "WeatherTests" */;
			buildPhases = (
				788BF9FB27E27F9C008B4D00 /* Sources */,
				788BF9FC27E27F9C008B4D00 /* Frameworks */,
				788BF9FD27E27F9C008B4D00 /* Resources */,
			);
			buildRules = (
			);
			dependencies = (
				788BFA0127E27F9C008B4D00 /* PBXTargetDependency */,
			);
			name = WeatherTests;
			productName = WeatherTests;
			productReference = 788BF9FF27E27F9C008B4D00 /* WeatherTests.xctest */;
			productType = "com.apple.product-type.bundle.unit-test";
		};
		788BFA0827E27F9C008B4D00 /* WeatherUITests */ = {
			isa = PBXNativeTarget;
			buildConfigurationList = 788BFA1927E27F9C008B4D00 /* Build configuration list for PBXNativeTarget "WeatherUITests" */;
			buildPhases = (
				788BFA0527E27F9C008B4D00 /* Sources */,
				788BFA0627E27F9C008B4D00 /* Frameworks */,
				788BFA0727E27F9C008B4D00 /* Resources */,
			);
			buildRules = (
			);
			dependencies = (
				788BFA0B27E27F9C008B4D00 /* PBXTargetDependency */,
			);
			name = WeatherUITests;
			productName = WeatherUITests;
			productReference = 788BFA0927E27F9C008B4D00 /* WeatherUITests.xctest */;
			productType = "com.apple.product-type.bundle.ui-testing";
		};
/* End PBXNativeTarget section */

/* Begin PBXProject section */
		788BF9E127E27F9A008B4D00 /* Project object */ = {
			isa = PBXProject;
			attributes = {
				BuildIndependentTargetsInParallel = 1;
				LastSwiftUpdateCheck = 1310;
				LastUpgradeCheck = 1310;
				TargetAttributes = {
					788BF9E827E27F9A008B4D00 = {
						CreatedOnToolsVersion = 13.1;
					};
					788BF9FE27E27F9C008B4D00 = {
						CreatedOnToolsVersion = 13.1;
						TestTargetID = 788BF9E827E27F9A008B4D00;
					};
					788BFA0827E27F9C008B4D00 = {
						CreatedOnToolsVersion = 13.1;
						TestTargetID = 788BF9E827E27F9A008B4D00;
					};
				};
			};
			buildConfigurationList = 788BF9E427E27F9A008B4D00 /* Build configuration list for PBXProject "Weather" */;
			compatibilityVersion = "Xcode 13.0";
			developmentRegion = en;
			hasScannedForEncodings = 0;
			knownRegions = (
				en,
				Base,
			);
			mainGroup = 788BF9E027E27F9A008B4D00;
			packageReferences = (
			);
			productRefGroup = 788BF9EA27E27F9A008B4D00 /* Products */;
			projectDirPath = "";
			projectRoot = "";
			targets = (
				788BF9E827E27F9A008B4D00 /* Weather */,
				788BF9FE27E27F9C008B4D00 /* WeatherTests */,
				788BFA0827E27F9C008B4D00 /* WeatherUITests */,
			);
		};
/* End PBXProject section */

/* Begin PBXResourcesBuildPhase section */
		788BF9E727E27F9A008B4D00 /* Resources */ = {
			isa = PBXResourcesBuildPhase;
			buildActionMask = 2147483647;
			files = (
				788BFA2D27E295F2008B4D00 /* SearchLocationTableViewController.xib in Resources */,
				788BF9F927E27F9B008B4D00 /* LaunchScreen.storyboard in Resources */,
				788BF9F627E27F9B008B4D00 /* Assets.xcassets in Resources */,
				788BFA3C27E2A640008B4D00 /* LocationPreviewTableViewController.xib in Resources */,
			);
			runOnlyForDeploymentPostprocessing = 0;
		};
		788BF9FD27E27F9C008B4D00 /* Resources */ = {
			isa = PBXResourcesBuildPhase;
			buildActionMask = 2147483647;
			files = (
			);
			runOnlyForDeploymentPostprocessing = 0;
		};
		788BFA0727E27F9C008B4D00 /* Resources */ = {
			isa = PBXResourcesBuildPhase;
			buildActionMask = 2147483647;
			files = (
			);
			runOnlyForDeploymentPostprocessing = 0;
		};
/* End PBXResourcesBuildPhase section */

/* Begin PBXSourcesBuildPhase section */
		788BF9E527E27F9A008B4D00 /* Sources */ = {
			isa = PBXSourcesBuildPhase;
			buildActionMask = 2147483647;
			files = (
				788BF9ED27E27F9A008B4D00 /* AppDelegate.swift in Sources */,
				788BFA3B27E2A640008B4D00 /* LocationPreviewTableViewController.swift in Sources */,
				788BFA3327E29C3B008B4D00 /* UItableView.swift in Sources */,
				788BFA3027E296A7008B4D00 /* SearchController.swift in Sources */,
				788BFA2C27E295F2008B4D00 /* SearchLocationTableViewController.swift in Sources */,
			);
			runOnlyForDeploymentPostprocessing = 0;
		};
		788BF9FB27E27F9C008B4D00 /* Sources */ = {
			isa = PBXSourcesBuildPhase;
			buildActionMask = 2147483647;
			files = (
				788BFA0427E27F9C008B4D00 /* WeatherTests.swift in Sources */,
			);
			runOnlyForDeploymentPostprocessing = 0;
		};
		788BFA0527E27F9C008B4D00 /* Sources */ = {
			isa = PBXSourcesBuildPhase;
			buildActionMask = 2147483647;
			files = (
				788BFA0E27E27F9C008B4D00 /* WeatherUITests.swift in Sources */,
				788BFA1027E27F9C008B4D00 /* WeatherUITestsLaunchTests.swift in Sources */,
			);
			runOnlyForDeploymentPostprocessing = 0;
		};
/* End PBXSourcesBuildPhase section */

/* Begin PBXTargetDependency section */
		788BFA0127E27F9C008B4D00 /* PBXTargetDependency */ = {
			isa = PBXTargetDependency;
			target = 788BF9E827E27F9A008B4D00 /* Weather */;
			targetProxy = 788BFA0027E27F9C008B4D00 /* PBXContainerItemProxy */;
		};
		788BFA0B27E27F9C008B4D00 /* PBXTargetDependency */ = {
			isa = PBXTargetDependency;
			target = 788BF9E827E27F9A008B4D00 /* Weather */;
			targetProxy = 788BFA0A27E27F9C008B4D00 /* PBXContainerItemProxy */;
		};
/* End PBXTargetDependency section */

/* Begin PBXVariantGroup section */
		788BF9F727E27F9B008B4D00 /* LaunchScreen.storyboard */ = {
			isa = PBXVariantGroup;
			children = (
				788BF9F827E27F9B008B4D00 /* Base */,
			);
			name = LaunchScreen.storyboard;
			sourceTree = "<group>";
		};
/* End PBXVariantGroup section */

/* Begin XCBuildConfiguration section */
		788BFA1127E27F9C008B4D00 /* Debug */ = {
			isa = XCBuildConfiguration;
			buildSettings = {
				ALWAYS_SEARCH_USER_PATHS = NO;
				CLANG_ANALYZER_NONNULL = YES;
				CLANG_ANALYZER_NUMBER_OBJECT_CONVERSION = YES_AGGRESSIVE;
				CLANG_CXX_LANGUAGE_STANDARD = "gnu++17";
				CLANG_CXX_LIBRARY = "libc++";
				CLANG_ENABLE_MODULES = YES;
				CLANG_ENABLE_OBJC_ARC = YES;
				CLANG_ENABLE_OBJC_WEAK = YES;
				CLANG_WARN_BLOCK_CAPTURE_AUTORELEASING = YES;
				CLANG_WARN_BOOL_CONVERSION = YES;
				CLANG_WARN_COMMA = YES;
				CLANG_WARN_CONSTANT_CONVERSION = YES;
				CLANG_WARN_DEPRECATED_OBJC_IMPLEMENTATIONS = YES;
				CLANG_WARN_DIRECT_OBJC_ISA_USAGE = YES_ERROR;
				CLANG_WARN_DOCUMENTATION_COMMENTS = YES;
				CLANG_WARN_EMPTY_BODY = YES;
				CLANG_WARN_ENUM_CONVERSION = YES;
				CLANG_WARN_INFINITE_RECURSION = YES;
				CLANG_WARN_INT_CONVERSION = YES;
				CLANG_WARN_NON_LITERAL_NULL_CONVERSION = YES;
				CLANG_WARN_OBJC_IMPLICIT_RETAIN_SELF = YES;
				CLANG_WARN_OBJC_LITERAL_CONVERSION = YES;
				CLANG_WARN_OBJC_ROOT_CLASS = YES_ERROR;
				CLANG_WARN_QUOTED_INCLUDE_IN_FRAMEWORK_HEADER = YES;
				CLANG_WARN_RANGE_LOOP_ANALYSIS = YES;
				CLANG_WARN_STRICT_PROTOTYPES = YES;
				CLANG_WARN_SUSPICIOUS_MOVE = YES;
				CLANG_WARN_UNGUARDED_AVAILABILITY = YES_AGGRESSIVE;
				CLANG_WARN_UNREACHABLE_CODE = YES;
				CLANG_WARN__DUPLICATE_METHOD_MATCH = YES;
				COPY_PHASE_STRIP = NO;
				DEBUG_INFORMATION_FORMAT = dwarf;
				ENABLE_STRICT_OBJC_MSGSEND = YES;
				ENABLE_TESTABILITY = YES;
				GCC_C_LANGUAGE_STANDARD = gnu11;
				GCC_DYNAMIC_NO_PIC = NO;
				GCC_NO_COMMON_BLOCKS = YES;
				GCC_OPTIMIZATION_LEVEL = 0;
				GCC_PREPROCESSOR_DEFINITIONS = (
					"DEBUG=1",
					"$(inherited)",
				);
				GCC_WARN_64_TO_32_BIT_CONVERSION = YES;
				GCC_WARN_ABOUT_RETURN_TYPE = YES_ERROR;
				GCC_WARN_UNDECLARED_SELECTOR = YES;
				GCC_WARN_UNINITIALIZED_AUTOS = YES_AGGRESSIVE;
				GCC_WARN_UNUSED_FUNCTION = YES;
				GCC_WARN_UNUSED_VARIABLE = YES;
				IPHONEOS_DEPLOYMENT_TARGET = 11.0;
				MTL_ENABLE_DEBUG_INFO = INCLUDE_SOURCE;
				MTL_FAST_MATH = YES;
				ONLY_ACTIVE_ARCH = YES;
				SDKROOT = iphoneos;
				SWIFT_ACTIVE_COMPILATION_CONDITIONS = DEBUG;
				SWIFT_OPTIMIZATION_LEVEL = "-Onone";
			};
			name = Debug;
		};
		788BFA1227E27F9C008B4D00 /* Release */ = {
			isa = XCBuildConfiguration;
			buildSettings = {
				ALWAYS_SEARCH_USER_PATHS = NO;
				CLANG_ANALYZER_NONNULL = YES;
				CLANG_ANALYZER_NUMBER_OBJECT_CONVERSION = YES_AGGRESSIVE;
				CLANG_CXX_LANGUAGE_STANDARD = "gnu++17";
				CLANG_CXX_LIBRARY = "libc++";
				CLANG_ENABLE_MODULES = YES;
				CLANG_ENABLE_OBJC_ARC = YES;
				CLANG_ENABLE_OBJC_WEAK = YES;
				CLANG_WARN_BLOCK_CAPTURE_AUTORELEASING = YES;
				CLANG_WARN_BOOL_CONVERSION = YES;
				CLANG_WARN_COMMA = YES;
				CLANG_WARN_CONSTANT_CONVERSION = YES;
				CLANG_WARN_DEPRECATED_OBJC_IMPLEMENTATIONS = YES;
				CLANG_WARN_DIRECT_OBJC_ISA_USAGE = YES_ERROR;
				CLANG_WARN_DOCUMENTATION_COMMENTS = YES;
				CLANG_WARN_EMPTY_BODY = YES;
				CLANG_WARN_ENUM_CONVERSION = YES;
				CLANG_WARN_INFINITE_RECURSION = YES;
				CLANG_WARN_INT_CONVERSION = YES;
				CLANG_WARN_NON_LITERAL_NULL_CONVERSION = YES;
				CLANG_WARN_OBJC_IMPLICIT_RETAIN_SELF = YES;
				CLANG_WARN_OBJC_LITERAL_CONVERSION = YES;
				CLANG_WARN_OBJC_ROOT_CLASS = YES_ERROR;
				CLANG_WARN_QUOTED_INCLUDE_IN_FRAMEWORK_HEADER = YES;
				CLANG_WARN_RANGE_LOOP_ANALYSIS = YES;
				CLANG_WARN_STRICT_PROTOTYPES = YES;
				CLANG_WARN_SUSPICIOUS_MOVE = YES;
				CLANG_WARN_UNGUARDED_AVAILABILITY = YES_AGGRESSIVE;
				CLANG_WARN_UNREACHABLE_CODE = YES;
				CLANG_WARN__DUPLICATE_METHOD_MATCH = YES;
				COPY_PHASE_STRIP = NO;
				DEBUG_INFORMATION_FORMAT = "dwarf-with-dsym";
				ENABLE_NS_ASSERTIONS = NO;
				ENABLE_STRICT_OBJC_MSGSEND = YES;
				GCC_C_LANGUAGE_STANDARD = gnu11;
				GCC_NO_COMMON_BLOCKS = YES;
				GCC_WARN_64_TO_32_BIT_CONVERSION = YES;
				GCC_WARN_ABOUT_RETURN_TYPE = YES_ERROR;
				GCC_WARN_UNDECLARED_SELECTOR = YES;
				GCC_WARN_UNINITIALIZED_AUTOS = YES_AGGRESSIVE;
				GCC_WARN_UNUSED_FUNCTION = YES;
				GCC_WARN_UNUSED_VARIABLE = YES;
				IPHONEOS_DEPLOYMENT_TARGET = 11.0;
				MTL_ENABLE_DEBUG_INFO = NO;
				MTL_FAST_MATH = YES;
				SDKROOT = iphoneos;
				SWIFT_COMPILATION_MODE = wholemodule;
				SWIFT_OPTIMIZATION_LEVEL = "-O";
				VALIDATE_PRODUCT = YES;
			};
			name = Release;
		};
		788BFA1427E27F9C008B4D00 /* Debug */ = {
			isa = XCBuildConfiguration;
			buildSettings = {
				ASSETCATALOG_COMPILER_APPICON_NAME = AppIcon;
				ASSETCATALOG_COMPILER_GLOBAL_ACCENT_COLOR_NAME = AccentColor;
				CODE_SIGN_STYLE = Automatic;
				CURRENT_PROJECT_VERSION = 1;
				DEVELOPMENT_TEAM = LG4SJ9RXM2;
				GENERATE_INFOPLIST_FILE = YES;
				INFOPLIST_FILE = Weather/Info.plist;
				INFOPLIST_KEY_UIApplicationSupportsIndirectInputEvents = YES;
				INFOPLIST_KEY_UILaunchStoryboardName = LaunchScreen;
				INFOPLIST_KEY_UISupportedInterfaceOrientations_iPad = "UIInterfaceOrientationPortrait UIInterfaceOrientationPortraitUpsideDown UIInterfaceOrientationLandscapeLeft UIInterfaceOrientationLandscapeRight";
				INFOPLIST_KEY_UISupportedInterfaceOrientations_iPhone = "UIInterfaceOrientationPortrait UIInterfaceOrientationLandscapeLeft UIInterfaceOrientationLandscapeRight";
				LD_RUNPATH_SEARCH_PATHS = (
					"$(inherited)",
					"@executable_path/Frameworks",
				);
				MARKETING_VERSION = 1.0;
				PRODUCT_BUNDLE_IDENTIFIER = com.bold.Weather;
				PRODUCT_NAME = "$(TARGET_NAME)";
				SWIFT_EMIT_LOC_STRINGS = YES;
				SWIFT_VERSION = 5.0;
				TARGETED_DEVICE_FAMILY = "1,2";
			};
			name = Debug;
		};
		788BFA1527E27F9C008B4D00 /* Release */ = {
			isa = XCBuildConfiguration;
			buildSettings = {
				ASSETCATALOG_COMPILER_APPICON_NAME = AppIcon;
				ASSETCATALOG_COMPILER_GLOBAL_ACCENT_COLOR_NAME = AccentColor;
				CODE_SIGN_STYLE = Automatic;
				CURRENT_PROJECT_VERSION = 1;
				DEVELOPMENT_TEAM = LG4SJ9RXM2;
				GENERATE_INFOPLIST_FILE = YES;
				INFOPLIST_FILE = Weather/Info.plist;
				INFOPLIST_KEY_UIApplicationSupportsIndirectInputEvents = YES;
				INFOPLIST_KEY_UILaunchStoryboardName = LaunchScreen;
				INFOPLIST_KEY_UISupportedInterfaceOrientations_iPad = "UIInterfaceOrientationPortrait UIInterfaceOrientationPortraitUpsideDown UIInterfaceOrientationLandscapeLeft UIInterfaceOrientationLandscapeRight";
				INFOPLIST_KEY_UISupportedInterfaceOrientations_iPhone = "UIInterfaceOrientationPortrait UIInterfaceOrientationLandscapeLeft UIInterfaceOrientationLandscapeRight";
				LD_RUNPATH_SEARCH_PATHS = (
					"$(inherited)",
					"@executable_path/Frameworks",
				);
				MARKETING_VERSION = 1.0;
				PRODUCT_BUNDLE_IDENTIFIER = com.bold.Weather;
				PRODUCT_NAME = "$(TARGET_NAME)";
				SWIFT_EMIT_LOC_STRINGS = YES;
				SWIFT_VERSION = 5.0;
				TARGETED_DEVICE_FAMILY = "1,2";
			};
			name = Release;
		};
		788BFA1727E27F9C008B4D00 /* Debug */ = {
			isa = XCBuildConfiguration;
			buildSettings = {
				ALWAYS_EMBED_SWIFT_STANDARD_LIBRARIES = YES;
				BUNDLE_LOADER = "$(TEST_HOST)";
				CODE_SIGN_STYLE = Automatic;
				CURRENT_PROJECT_VERSION = 1;
				DEVELOPMENT_TEAM = LG4SJ9RXM2;
				GENERATE_INFOPLIST_FILE = YES;
				IPHONEOS_DEPLOYMENT_TARGET = 15.0;
				LD_RUNPATH_SEARCH_PATHS = (
					"$(inherited)",
					"@executable_path/Frameworks",
					"@loader_path/Frameworks",
				);
				MARKETING_VERSION = 1.0;
				PRODUCT_BUNDLE_IDENTIFIER = com.bold.WeatherTests;
				PRODUCT_NAME = "$(TARGET_NAME)";
				SWIFT_EMIT_LOC_STRINGS = NO;
				SWIFT_VERSION = 5.0;
				TARGETED_DEVICE_FAMILY = "1,2";
				TEST_HOST = "$(BUILT_PRODUCTS_DIR)/Weather.app/Weather";
			};
			name = Debug;
		};
		788BFA1827E27F9C008B4D00 /* Release */ = {
			isa = XCBuildConfiguration;
			buildSettings = {
				ALWAYS_EMBED_SWIFT_STANDARD_LIBRARIES = YES;
				BUNDLE_LOADER = "$(TEST_HOST)";
				CODE_SIGN_STYLE = Automatic;
				CURRENT_PROJECT_VERSION = 1;
				DEVELOPMENT_TEAM = LG4SJ9RXM2;
				GENERATE_INFOPLIST_FILE = YES;
				IPHONEOS_DEPLOYMENT_TARGET = 15.0;
				LD_RUNPATH_SEARCH_PATHS = (
					"$(inherited)",
					"@executable_path/Frameworks",
					"@loader_path/Frameworks",
				);
				MARKETING_VERSION = 1.0;
				PRODUCT_BUNDLE_IDENTIFIER = com.bold.WeatherTests;
				PRODUCT_NAME = "$(TARGET_NAME)";
				SWIFT_EMIT_LOC_STRINGS = NO;
				SWIFT_VERSION = 5.0;
				TARGETED_DEVICE_FAMILY = "1,2";
				TEST_HOST = "$(BUILT_PRODUCTS_DIR)/Weather.app/Weather";
			};
			name = Release;
		};
		788BFA1A27E27F9C008B4D00 /* Debug */ = {
			isa = XCBuildConfiguration;
			buildSettings = {
				ALWAYS_EMBED_SWIFT_STANDARD_LIBRARIES = YES;
				CODE_SIGN_STYLE = Automatic;
				CURRENT_PROJECT_VERSION = 1;
				DEVELOPMENT_TEAM = LG4SJ9RXM2;
				GENERATE_INFOPLIST_FILE = YES;
				LD_RUNPATH_SEARCH_PATHS = (
					"$(inherited)",
					"@executable_path/Frameworks",
					"@loader_path/Frameworks",
				);
				MARKETING_VERSION = 1.0;
				PRODUCT_BUNDLE_IDENTIFIER = com.bold.WeatherUITests;
				PRODUCT_NAME = "$(TARGET_NAME)";
				SWIFT_EMIT_LOC_STRINGS = NO;
				SWIFT_VERSION = 5.0;
				TARGETED_DEVICE_FAMILY = "1,2";
				TEST_TARGET_NAME = Weather;
			};
			name = Debug;
		};
		788BFA1B27E27F9C008B4D00 /* Release */ = {
			isa = XCBuildConfiguration;
			buildSettings = {
				ALWAYS_EMBED_SWIFT_STANDARD_LIBRARIES = YES;
				CODE_SIGN_STYLE = Automatic;
				CURRENT_PROJECT_VERSION = 1;
				DEVELOPMENT_TEAM = LG4SJ9RXM2;
				GENERATE_INFOPLIST_FILE = YES;
				LD_RUNPATH_SEARCH_PATHS = (
					"$(inherited)",
					"@executable_path/Frameworks",
					"@loader_path/Frameworks",
				);
				MARKETING_VERSION = 1.0;
				PRODUCT_BUNDLE_IDENTIFIER = com.bold.WeatherUITests;
				PRODUCT_NAME = "$(TARGET_NAME)";
				SWIFT_EMIT_LOC_STRINGS = NO;
				SWIFT_VERSION = 5.0;
				TARGETED_DEVICE_FAMILY = "1,2";
				TEST_TARGET_NAME = Weather;
			};
			name = Release;
		};
/* End XCBuildConfiguration section */

/* Begin XCConfigurationList section */
		788BF9E427E27F9A008B4D00 /* Build configuration list for PBXProject "Weather" */ = {
			isa = XCConfigurationList;
			buildConfigurations = (
				788BFA1127E27F9C008B4D00 /* Debug */,
				788BFA1227E27F9C008B4D00 /* Release */,
			);
			defaultConfigurationIsVisible = 0;
			defaultConfigurationName = Release;
		};
		788BFA1327E27F9C008B4D00 /* Build configuration list for PBXNativeTarget "Weather" */ = {
			isa = XCConfigurationList;
			buildConfigurations = (
				788BFA1427E27F9C008B4D00 /* Debug */,
				788BFA1527E27F9C008B4D00 /* Release */,
			);
			defaultConfigurationIsVisible = 0;
			defaultConfigurationName = Release;
		};
		788BFA1627E27F9C008B4D00 /* Build configuration list for PBXNativeTarget "WeatherTests" */ = {
			isa = XCConfigurationList;
			buildConfigurations = (
				788BFA1727E27F9C008B4D00 /* Debug */,
				788BFA1827E27F9C008B4D00 /* Release */,
			);
			defaultConfigurationIsVisible = 0;
			defaultConfigurationName = Release;
		};
		788BFA1927E27F9C008B4D00 /* Build configuration list for PBXNativeTarget "WeatherUITests" */ = {
			isa = XCConfigurationList;
			buildConfigurations = (
				788BFA1A27E27F9C008B4D00 /* Debug */,
				788BFA1B27E27F9C008B4D00 /* Release */,
			);
			defaultConfigurationIsVisible = 0;
			defaultConfigurationName = Release;
		};
/* End XCConfigurationList section */

/* Begin XCSwiftPackageProductDependency section */
		788BFA2227E28520008B4D00 /* WeatherCore */ = {
			isa = XCSwiftPackageProductDependency;
			productName = WeatherCore;
		};
/* End XCSwiftPackageProductDependency section */
	};
	rootObject = 788BF9E127E27F9A008B4D00 /* Project object */;
}
